
Microsoft Visual Studio Solution File, Format Version 12.00
# Visual Studio Version 17
VisualStudioVersion = 17.4.33205.214
MinimumVisualStudioVersion = 10.0.40219.1
Project("{FAE04EC0-301F-11D3-BF4B-00C04F79EFBC}") = "Installer", "Installer\Installer.csproj", "{639D6583-A1D6-4361-81C3-91863DEF6D59}"
EndProject
Project("{FAE04EC0-301F-11D3-BF4B-00C04F79EFBC}") = "UnitTests", "UnitTests\UnitTests.csproj", "{15DFB34A-F7ED-468D-9C8B-D66D5FDFAD51}"
EndProject
Project("{FAE04EC0-301F-11D3-BF4B-00C04F79EFBC}") = "LxfHandler", "LxfHandler\LxfHandler.csproj", "{03541362-3B50-4872-9A39-1D89FB1E3C80}"
EndProject
Project("{FAE04EC0-301F-11D3-BF4B-00C04F79EFBC}") = "DevTools", "DevTools\DevTools.csproj", "{2EE19961-FEEC-473A-BEB6-1096DDD3AE4B}"
EndProject
Global
	GlobalSection(SolutionConfigurationPlatforms) = preSolution
		Debug|Any CPU = Debug|Any CPU
		Release|Any CPU = Release|Any CPU
	EndGlobalSection
	GlobalSection(ProjectConfigurationPlatforms) = postSolution
		{639D6583-A1D6-4361-81C3-91863DEF6D59}.Debug|Any CPU.ActiveCfg = Debug|Any CPU
		{639D6583-A1D6-4361-81C3-91863DEF6D59}.Debug|Any CPU.Build.0 = Debug|Any CPU
		{639D6583-A1D6-4361-81C3-91863DEF6D59}.Release|Any CPU.ActiveCfg = Release|Any CPU
		{639D6583-A1D6-4361-81C3-91863DEF6D59}.Release|Any CPU.Build.0 = Release|Any CPU
		{15DFB34A-F7ED-468D-9C8B-D66D5FDFAD51}.Debug|Any CPU.ActiveCfg = Debug|Any CPU
		{15DFB34A-F7ED-468D-9C8B-D66D5FDFAD51}.Debug|Any CPU.Build.0 = Debug|Any CPU
		{15DFB34A-F7ED-468D-9C8B-D66D5FDFAD51}.Release|Any CPU.ActiveCfg = Release|Any CPU
		{15DFB34A-F7ED-468D-9C8B-D66D5FDFAD51}.Release|Any CPU.Build.0 = Release|Any CPU
		{03541362-3B50-4872-9A39-1D89FB1E3C80}.Debug|Any CPU.ActiveCfg = Debug|Any CPU
		{03541362-3B50-4872-9A39-1D89FB1E3C80}.Debug|Any CPU.Build.0 = Debug|Any CPU
		{03541362-3B50-4872-9A39-1D89FB1E3C80}.Release|Any CPU.ActiveCfg = Release|Any CPU
		{03541362-3B50-4872-9A39-1D89FB1E3C80}.Release|Any CPU.Build.0 = Release|Any CPU
		{2EE19961-FEEC-473A-BEB6-1096DDD3AE4B}.Debug|Any CPU.ActiveCfg = Debug|Any CPU
		{2EE19961-FEEC-473A-BEB6-1096DDD3AE4B}.Debug|Any CPU.Build.0 = Debug|Any CPU
		{2EE19961-FEEC-473A-BEB6-1096DDD3AE4B}.Release|Any CPU.ActiveCfg = Release|Any CPU
		{2EE19961-FEEC-473A-BEB6-1096DDD3AE4B}.Release|Any CPU.Build.0 = Release|Any CPU
	EndGlobalSection
	GlobalSection(SolutionProperties) = preSolution
		HideSolutionNode = FALSE
	EndGlobalSection
	GlobalSection(ExtensibilityGlobals) = postSolution
		SolutionGuid = {875612AB-5DE6-424F-B558-39A47C1F1E12}
	EndGlobalSection
EndGlobal
